{
  "name": "vue-manage-system",
  "version": "5.1.0",
  "lockfileVersion": 1,
  "requires": true,
  "dependencies": {
    "@babel/parser": {
      "version": "7.16.6",
      "resolved": "https://registry.npmmirror.com/@babel/parser/download/@babel/parser-7.16.6.tgz",
      "integrity": "sha512-Gr86ujcNuPDnNOY8mi383Hvi8IYrJVJYuf3XcuBM/Dgd+bINn/7tHqsj+tKkoreMbmGsFLsltI/JJd8fOFWGDQ=="
    },
    "@babel/runtime": {
      "version": "7.16.5",
      "resolved": "https://registry.npmmirror.com/@babel/runtime/download/@babel/runtime-7.16.5.tgz",
      "integrity": "sha512-TXWihFIS3Pyv5hzR7j6ihmeLkZfrXGxAr5UfSl8CHf+6q/wpiYDkUau0czckpYG8QmnCIuPpdLtuA9VmuGGyMA==",
      "requires": {
        "regenerator-runtime": "^0.13.4"
      }
    },
    "@babel/runtime-corejs3": {
      "version": "7.16.5",
      "resolved": "https://registry.npmmirror.com/@babel/runtime-corejs3/download/@babel/runtime-corejs3-7.16.5.tgz",
      "integrity": "sha512-F1pMwvTiUNSAM8mc45kccMQxj31x3y3P+tA/X8hKNWp3/hUsxdGxZ3D3H8JIkxtfA8qGkaBTKvcmvStaYseAFw==",
      "requires": {
        "core-js-pure": "^3.19.0",
        "regenerator-runtime": "^0.13.4"
      }
    },
    "@intlify/core-base": {
      "version": "9.1.9",
      "resolved": "https://registry.npmmirror.com/@intlify/core-base/download/@intlify/core-base-9.1.9.tgz",
      "integrity": "sha1-5OjJUQEHKOSvOg0T10zz+eet1/Y=",
      "requires": {
        "@intlify/devtools-if": "9.1.9",
        "@intlify/message-compiler": "9.1.9",
        "@intlify/message-resolver": "9.1.9",
        "@intlify/runtime": "9.1.9",
        "@intlify/shared": "9.1.9",
        "@intlify/vue-devtools": "9.1.9"
      }
    },
    "@intlify/devtools-if": {
      "version": "9.1.9",
      "resolved": "https://registry.npmmirror.com/@intlify/devtools-if/download/@intlify/devtools-if-9.1.9.tgz",
      "integrity": "sha1-ow4d0SVv8sXJjY110HU4T7qJjl0=",
      "requires": {
        "@intlify/shared": "9.1.9"
      }
    },
    "@intlify/message-compiler": {
      "version": "9.1.9",
      "resolved": "https://registry.npmmirror.com/@intlify/message-compiler/download/@intlify/message-compiler-9.1.9.tgz",
      "integrity": "sha1-EZPL0iSnHC+5gUVbhTSjx2bSlI0=",
      "requires": {
        "@intlify/message-resolver": "9.1.9",
        "@intlify/shared": "9.1.9",
        "source-map": "0.6.1"
      }
    },
    "@intlify/message-resolver": {
      "version": "9.1.9",
      "resolved": "https://registry.npmmirror.com/@intlify/message-resolver/download/@intlify/message-resolver-9.1.9.tgz",
      "integrity": "sha1-MVXM0vXm0NwWyti38djpf82gW/w="
    },
    "@intlify/runtime": {
      "version": "9.1.9",
      "resolved": "https://registry.npmmirror.com/@intlify/runtime/download/@intlify/runtime-9.1.9.tgz?cache=0&sync_timestamp=1633535744601&other_urls=https%3A%2F%2Fregistry.npmmirror.com%2F%40intlify%2Fruntime%2Fdownload%2F%40intlify%2Fruntime-9.1.9.tgz",
      "integrity": "sha1-LBLOKVGKB1Yp7+0KjtKT7nQMsoU=",
      "requires": {
        "@intlify/message-compiler": "9.1.9",
        "@intlify/message-resolver": "9.1.9",
        "@intlify/shared": "9.1.9"
      }
    },
    "@intlify/shared": {
      "version": "9.1.9",
      "resolved": "https://registry.npmmirror.com/@intlify/shared/download/@intlify/shared-9.1.9.tgz",
      "integrity": "sha1-C6r5YSi4VWBma+x4T/sB9mI8wXo="
    },
    "@intlify/vue-devtools": {
      "version": "9.1.9",
      "resolved": "https://registry.npmmirror.com/@intlify/vue-devtools/download/@intlify/vue-devtools-9.1.9.tgz",
      "integrity": "sha1-K+j02+f37UEVZ26zI0gUHUEeQms=",
      "requires": {
        "@intlify/message-resolver": "9.1.9",
        "@intlify/runtime": "9.1.9",
        "@intlify/shared": "9.1.9"
      }
    },
    "@popperjs/core": {
      "version": "2.11.0",
      "resolved": "https://registry.npmmirror.com/@popperjs/core/download/@popperjs/core-2.11.0.tgz",
      "integrity": "sha512-zrsUxjLOKAzdewIDRWy9nsV1GQsKBCWaGwsZQlCgr6/q+vjyZhFgqedLfFBuI9anTPEUT4APq9Mu0SZBTzIcGQ=="
    },
    "@types/lodash": {
      "version": "4.14.178",
      "resolved": "https://registry.npmmirror.com/@types/lodash/download/@types/lodash-4.14.178.tgz",
      "integrity": "sha512-0d5Wd09ItQWH1qFbEyQ7oTQ3GZrMfth5JkbN3EvTKLXcHLRDSXeLnlvlOn0wvxVIwK5o2M8JzP/OWz7T3NRsbw=="
    },
    "@vitejs/plugin-vue": {
      "version": "1.10.2",
      "resolved": "https://registry.npmmirror.com/@vitejs/plugin-vue/download/@vitejs/plugin-vue-1.10.2.tgz",
      "integrity": "sha512-/QJ0Z9qfhAFtKRY+r57ziY4BSbGUTGsPRMpB/Ron3QPwBZM4OZAZHdTa4a8PafCwU5DTatXG8TMDoP8z+oDqJw==",
      "dev": true
    },
    "@vue/compiler-core": {
      "version": "3.2.26",
      "resolved": "https://registry.npmmirror.com/@vue/compiler-core/download/@vue/compiler-core-3.2.26.tgz",
      "integrity": "sha512-N5XNBobZbaASdzY9Lga2D9Lul5vdCIOXvUMd6ThcN8zgqQhPKfCV+wfAJNNJKQkSHudnYRO2gEB+lp0iN3g2Tw==",
      "requires": {
        "@babel/parser": "^7.16.4",
        "@vue/shared": "3.2.26",
        "estree-walker": "^2.0.2",
        "source-map": "^0.6.1"
      }
    },
    "@vue/compiler-dom": {
      "version": "3.2.26",
      "resolved": "https://registry.npmmirror.com/@vue/compiler-dom/download/@vue/compiler-dom-3.2.26.tgz",
      "integrity": "sha512-smBfaOW6mQDxcT3p9TKT6mE22vjxjJL50GFVJiI0chXYGU/xzC05QRGrW3HHVuJrmLTLx5zBhsZ2dIATERbarg==",
      "requires": {
        "@vue/compiler-core": "3.2.26",
        "@vue/shared": "3.2.26"
      }
    },
    "@vue/compiler-sfc": {
      "version": "3.2.26",
      "resolved": "https://registry.npmmirror.com/@vue/compiler-sfc/download/@vue/compiler-sfc-3.2.26.tgz",
      "integrity": "sha512-ePpnfktV90UcLdsDQUh2JdiTuhV0Skv2iYXxfNMOK/F3Q+2BO0AulcVcfoksOpTJGmhhfosWfMyEaEf0UaWpIw==",
      "requires": {
        "@babel/parser": "^7.16.4",
        "@vue/compiler-core": "3.2.26",
        "@vue/compiler-dom": "3.2.26",
        "@vue/compiler-ssr": "3.2.26",
        "@vue/reactivity-transform": "3.2.26",
        "@vue/shared": "3.2.26",
        "estree-walker": "^2.0.2",
        "magic-string": "^0.25.7",
        "postcss": "^8.1.10",
        "source-map": "^0.6.1"
      }
    },
    "@vue/compiler-ssr": {
      "version": "3.2.26",
      "resolved": "https://registry.npmmirror.com/@vue/compiler-ssr/download/@vue/compiler-ssr-3.2.26.tgz",
      "integrity": "sha512-2mywLX0ODc4Zn8qBoA2PDCsLEZfpUGZcyoFRLSOjyGGK6wDy2/5kyDOWtf0S0UvtoyVq95OTSGIALjZ4k2q/ag==",
      "requires": {
        "@vue/compiler-dom": "3.2.26",
        "@vue/shared": "3.2.26"
      }
    },
    "@vue/devtools-api": {
      "version": "6.0.0-beta.21.1",
      "resolved": "https://registry.npmmirror.com/@vue/devtools-api/download/@vue/devtools-api-6.0.0-beta.21.1.tgz",
      "integrity": "sha512-FqC4s3pm35qGVeXRGOjTsRzlkJjrBLriDS9YXbflHLsfA9FrcKzIyWnLXoNm+/7930E8rRakXuAc2QkC50swAw=="
    },
    "@vue/reactivity": {
      "version": "3.2.26",
      "resolved": "https://registry.npmmirror.com/@vue/reactivity/download/@vue/reactivity-3.2.26.tgz",
      "integrity": "sha512-h38bxCZLW6oFJVDlCcAiUKFnXI8xP8d+eO0pcDxx+7dQfSPje2AO6M9S9QO6MrxQB7fGP0DH0dYQ8ksf6hrXKQ==",
      "requires": {
        "@vue/shared": "3.2.26"
      }
    },
    "@vue/reactivity-transform": {
      "version": "3.2.26",
      "resolved": "https://registry.npmmirror.com/@vue/reactivity-transform/download/@vue/reactivity-transform-3.2.26.tgz",
      "integrity": "sha512-XKMyuCmzNA7nvFlYhdKwD78rcnmPb7q46uoR00zkX6yZrUmcCQ5OikiwUEVbvNhL5hBJuvbSO95jB5zkUon+eQ==",
      "requires": {
        "@babel/parser": "^7.16.4",
        "@vue/compiler-core": "3.2.26",
        "@vue/shared": "3.2.26",
        "estree-walker": "^2.0.2",
        "magic-string": "^0.25.7"
      }
    },
    "@vue/runtime-core": {
      "version": "3.2.26",
      "resolved": "https://registry.npmmirror.com/@vue/runtime-core/download/@vue/runtime-core-3.2.26.tgz",
      "integrity": "sha512-BcYi7qZ9Nn+CJDJrHQ6Zsmxei2hDW0L6AB4vPvUQGBm2fZyC0GXd/4nVbyA2ubmuhctD5RbYY8L+5GUJszv9mQ==",
      "requires": {
        "@vue/reactivity": "3.2.26",
        "@vue/shared": "3.2.26"
      }
    },
    "@vue/runtime-dom": {
      "version": "3.2.26",
      "resolved": "https://registry.npmmirror.com/@vue/runtime-dom/download/@vue/runtime-dom-3.2.26.tgz",
      "integrity": "sha512-dY56UIiZI+gjc4e8JQBwAifljyexfVCkIAu/WX8snh8vSOt/gMSEGwPRcl2UpYpBYeyExV8WCbgvwWRNt9cHhQ==",
      "requires": {
        "@vue/runtime-core": "3.2.26",
        "@vue/shared": "3.2.26",
        "csstype": "^2.6.8"
      }
    },
    "@vue/server-renderer": {
      "version": "3.2.26",
      "resolved": "https://registry.npmmirror.com/@vue/server-renderer/download/@vue/server-renderer-3.2.26.tgz",
      "integrity": "sha512-Jp5SggDUvvUYSBIvYEhy76t4nr1vapY/FIFloWmQzn7UxqaHrrBpbxrqPcTrSgGrcaglj0VBp22BKJNre4aA1w==",
      "requires": {
        "@vue/compiler-ssr": "3.2.26",
        "@vue/shared": "3.2.26"
      }
    },
    "@vue/shared": {
      "version": "3.2.26",
      "resolved": "https://registry.npmmirror.com/@vue/shared/download/@vue/shared-3.2.26.tgz",
      "integrity": "sha512-vPV6Cq+NIWbH5pZu+V+2QHE9y1qfuTq49uNWw4f7FDEeZaDU2H2cx5jcUZOAKW7qTrUS4k6qZPbMy1x4N96nbA=="
    },
    "async-validator": {
      "version": "3.5.2",
      "resolved": "https://registry.npmmirror.com/async-validator/download/async-validator-3.5.2.tgz?cache=0&sync_timestamp=1634529574100&other_urls=https%3A%2F%2Fregistry.npmmirror.com%2Fasync-validator%2Fdownload%2Fasync-validator-3.5.2.tgz",
      "integrity": "sha1-aOhmqWgk6LJpT/eoMcGiXETV5QA="
    },
    "axios": {
      "version": "0.24.0",
      "resolved": "https://registry.npmmirror.com/axios/download/axios-0.24.0.tgz",
      "integrity": "sha512-Q6cWsys88HoPgAaFAVUb0WpPk0O8iTeisR9IMqy9G8AbO4NlpVknrnQS03zzF9PGAWgO3cgletO3VjV/P7VztA==",
      "requires": {
        "follow-redirects": "^1.14.4"
      }
    },
    "big.js": {
      "version": "5.2.2",
      "resolved": "https://registry.npmmirror.com/big.js/download/big.js-5.2.2.tgz",
      "integrity": "sha1-ZfCvOC9Xi83HQr2cKB6cstd2gyg="
    },
    "clone": {
      "version": "2.1.2",
      "resolved": "https://registry.nlark.com/clone/download/clone-2.1.2.tgz",
      "integrity": "sha1-G39Ln1kfHo+DZwQBYANFoCiHQ18="
    },
    "copy-anything": {
      "version": "2.0.3",
      "resolved": "https://registry.nlark.com/copy-anything/download/copy-anything-2.0.3.tgz",
      "integrity": "sha1-hCQHugJGaw34RIGbvjuuu+XUXYc=",
      "requires": {
        "is-what": "^3.12.0"
      }
    },
    "core-js-pure": {
      "version": "3.20.1",
      "resolved": "https://registry.npmmirror.com/core-js-pure/download/core-js-pure-3.20.1.tgz",
      "integrity": "sha512-yeNNr3L9cEBwNy6vhhIJ0nko7fE7uFO6PgawcacGt2VWep4WqQx0RiqlkgSP7kqUMC1IKdfO9qPeWXcUheHLVQ=="
    },
    "cropperjs": {
      "version": "1.5.12",
      "resolved": "https://registry.npmmirror.com/cropperjs/download/cropperjs-1.5.12.tgz",
      "integrity": "sha1-2cDbK/uMDXadUXOej5FrvEThD1A="
    },
    "csstype": {
      "version": "2.6.19",
      "resolved": "https://registry.npmmirror.com/csstype/download/csstype-2.6.19.tgz?cache=0&sync_timestamp=1637224514674&other_urls=https%3A%2F%2Fregistry.npmmirror.com%2Fcsstype%2Fdownload%2Fcsstype-2.6.19.tgz",
      "integrity": "sha512-ZVxXaNy28/k3kJg0Fou5MiYpp88j7H9hLZp8PDC3jV0WFjfH5E9xHb56L0W59cPbKbcHXeP4qyT8PrHp8t6LcQ=="
    },
    "dayjs": {
      "version": "1.10.7",
      "resolved": "https://registry.npmmirror.com/dayjs/download/dayjs-1.10.7.tgz",
      "integrity": "sha512-P6twpd70BcPK34K26uJ1KT3wlhpuOAPoMwJzpsIWUxHZ7wpmbdZL/hQqBDfz7hGurYSa5PhzdhDHtt319hL3ig=="
    },
    "debug": {
      "version": "3.2.7",
      "resolved": "https://registry.npmmirror.com/debug/download/debug-3.2.7.tgz",
      "integrity": "sha512-CFjzYYAi4ThfiQvizrFQevTTXHtnCqWfe7x1AhgEscTz6ZbLbfoLRLPugTQyBth6f8ZERVUSyWHFD/7Wu4t1XQ==",
      "optional": true,
      "requires": {
        "ms": "^2.1.1"
      }
    },
    "element-plus": {
      "version": "1.0.2-beta.52",
      "resolved": "https://registry.npmmirror.com/element-plus/download/element-plus-1.0.2-beta.52.tgz",
      "integrity": "sha512-oAuJHwXyvM4dsuOz7HSDPIBVPqRJ1KEzFzGqYdqbBjQ/aw79uCJxvS9Q4q9/XrPMfPire09+bPTypiIaHkNBhA==",
      "requires": {
        "@popperjs/core": "^2.4.4",
        "@types/lodash": "^4.14.161",
        "async-validator": "^3.4.0",
        "dayjs": "1.x",
        "lodash": "^4.17.20",
        "mitt": "^2.1.0",
        "normalize-wheel": "^1.0.1",
        "resize-observer-polyfill": "^1.5.1"
      }
    },
    "emojis-list": {
      "version": "3.0.0",
      "resolved": "https://registry.npm.taobao.org/emojis-list/download/emojis-list-3.0.0.tgz",
      "integrity": "sha1-VXBmIEatKeLpFucariYKvf9Pang="
    },
    "errno": {
      "version": "0.1.8",
      "resolved": "https://registry.nlark.com/errno/download/errno-0.1.8.tgz",
      "integrity": "sha1-i7Ppx9Rjvkl2/4iPdrSAnrwugR8=",
      "optional": true,
      "requires": {
        "prr": "~1.0.1"
      }
    },
    "esbuild": {
      "version": "0.12.29",
      "resolved": "https://registry.npmmirror.com/esbuild/download/esbuild-0.12.29.tgz",
      "integrity": "sha512-w/XuoBCSwepyiZtIRsKsetiLDUVGPVw1E/R3VTFSecIy8UR7Cq3SOtwKHJMFoVqqVG36aGkzh4e8BvpO1Fdc7g==",
      "dev": true
    },
    "estree-walker": {
      "version": "2.0.2",
      "resolved": "https://registry.npmmirror.com/estree-walker/download/estree-walker-2.0.2.tgz",
      "integrity": "sha1-UvAQF4wqTBF6d1fP6UKtt9LaTKw="
    },
    "follow-redirects": {
      "version": "1.14.6",
      "resolved": "https://registry.npmmirror.com/follow-redirects/download/follow-redirects-1.14.6.tgz",
      "integrity": "sha512-fhUl5EwSJbbl8AR+uYL2KQDxLkdSjZGR36xy46AO7cOMTrCMON6Sa28FmAnC2tRTDbd/Uuzz3aJBv7EBN7JH8A=="
    },
    "fsevents": {
      "version": "2.3.2",
      "resolved": "https://registry.npmmirror.com/fsevents/download/fsevents-2.3.2.tgz",
      "integrity": "sha1-ilJveLj99GI7cJ4Ll1xSwkwC/Ro=",
      "dev": true,
      "optional": true
    },
    "function-bind": {
      "version": "1.1.1",
      "resolved": "https://registry.npm.taobao.org/function-bind/download/function-bind-1.1.1.tgz",
      "integrity": "sha1-pWiZ0+o8m6uHS7l3O3xe3pL0iV0=",
      "dev": true
    },
    "graceful-fs": {
      "version": "4.2.8",
      "resolved": "https://registry.npmmirror.com/graceful-fs/download/graceful-fs-4.2.8.tgz",
      "integrity": "sha1-5BK40z9eAGWTy9PO5t+fLOu+gCo=",
      "optional": true
    },
    "has": {
      "version": "1.0.3",
      "resolved": "https://registry.nlark.com/has/download/has-1.0.3.tgz",
      "integrity": "sha1-ci18v8H2qoJB8W3YFOAR4fQeh5Y=",
      "dev": true,
      "requires": {
        "function-bind": "^1.1.1"
      }
    },
    "iconv-lite": {
      "version": "0.4.24",
      "resolved": "https://registry.nlark.com/iconv-lite/download/iconv-lite-0.4.24.tgz",
      "integrity": "sha1-ICK0sl+93CHS9SSXSkdKr+czkIs=",
      "optional": true,
      "requires": {
        "safer-buffer": ">= 2.1.2 < 3"
      }
    },
    "image-size": {
      "version": "0.5.5",
      "resolved": "https://registry.nlark.com/image-size/download/image-size-0.5.5.tgz",
      "integrity": "sha1-Cd/Uq50g4p6xw+gLiZA3jfnjy5w=",
      "optional": true
    },
    "is-core-module": {
      "version": "2.8.0",
      "resolved": "https://registry.npmmirror.com/is-core-module/download/is-core-module-2.8.0.tgz?cache=0&other_urls=https%3A%2F%2Fregistry.npmmirror.com%2Fis-core-module%2Fdownload%2Fis-core-module-2.8.0.tgz",
      "integrity": "sha1-AyEzbD0JJeSX/Zf12VyxFKXM1Ug=",
      "dev": true,
      "requires": {
        "has": "^1.0.3"
      }
    },
    "is-what": {
      "version": "3.14.1",
      "resolved": "https://registry.npmmirror.com/is-what/download/is-what-3.14.1.tgz?cache=0&sync_timestamp=1634283360064&other_urls=https%3A%2F%2Fregistry.npmmirror.com%2Fis-what%2Fdownload%2Fis-what-3.14.1.tgz",
      "integrity": "sha1-4SIvRt3ahd6tD9HJ3xMXYOd3VcE="
    },
    "js-file-download": {
      "version": "0.4.12",
      "resolved": "https://registry.npm.taobao.org/js-file-download/download/js-file-download-0.4.12.tgz",
      "integrity": "sha1-EMcO82JVmlsjzb3DvW85nD2R2CE="
    },
    "json5": {
      "version": "1.0.1",
      "resolved": "https://registry.nlark.com/json5/download/json5-1.0.1.tgz",
      "integrity": "sha1-d5+wAYYE+oVOrL9iUhgNg1Q+Pb4=",
      "requires": {
        "minimist": "^1.2.0"
      }
    },
    "less": {
      "version": "4.1.2",
      "resolved": "https://registry.npmmirror.com/less/download/less-4.1.2.tgz",
      "integrity": "sha512-EoQp/Et7OSOVu0aJknJOtlXZsnr8XE8KwuzTHOLeVSEx8pVWUICc8Q0VYRHgzyjX78nMEyC/oztWFbgyhtNfDA==",
      "requires": {
        "copy-anything": "^2.0.1",
        "errno": "^0.1.1",
        "graceful-fs": "^4.1.2",
        "image-size": "~0.5.0",
        "make-dir": "^2.1.0",
        "mime": "^1.4.1",
        "needle": "^2.5.2",
        "parse-node-version": "^1.0.1",
        "source-map": "~0.6.0",
        "tslib": "^2.3.0"
      }
    },
    "less-loader": {
      "version": "5.0.0",
      "resolved": "https://registry.npmmirror.com/less-loader/download/less-loader-5.0.0.tgz?cache=0&sync_timestamp=1634563244377&other_urls=https%3A%2F%2Fregistry.npmmirror.com%2Fless-loader%2Fdownload%2Fless-loader-5.0.0.tgz",
      "integrity": "sha1-SY3eOmxsT4h0WO6e0/CGoSrRtGY=",
      "requires": {
        "clone": "^2.1.1",
        "loader-utils": "^1.1.0",
        "pify": "^4.0.1"
      }
    },
    "loader-utils": {
      "version": "1.4.0",
      "resolved": "https://registry.npmmirror.com/loader-utils/download/loader-utils-1.4.0.tgz",
      "integrity": "sha1-xXm140yzSxp07cbB+za/o3HVphM=",
      "requires": {
        "big.js": "^5.2.2",
        "emojis-list": "^3.0.0",
        "json5": "^1.0.1"
      }
    },
    "lodash": {
      "version": "4.17.21",
      "resolved": "https://registry.npmmirror.com/lodash/download/lodash-4.17.21.tgz",
      "integrity": "sha512-v2kDEe57lecTulaDIuNTPy3Ry4gLGJ6Z1O3vE1krgXZNrsQ+LFTGHVxVjcXPs17LhbZVGedAJv8XZ1tvj5FvSg=="
    },
    "magic-string": {
      "version": "0.25.7",
      "resolved": "https://registry.nlark.com/magic-string/download/magic-string-0.25.7.tgz?cache=0&sync_timestamp=1618847046304&other_urls=https%3A%2F%2Fregistry.nlark.com%2Fmagic-string%2Fdownload%2Fmagic-string-0.25.7.tgz",
      "integrity": "sha1-P0l9b9NMZpxnmNy4IfLvMfVEUFE=",
      "requires": {
        "sourcemap-codec": "^1.4.4"
      }
    },
    "make-dir": {
      "version": "2.1.0",
      "resolved": "https://registry.nlark.com/make-dir/download/make-dir-2.1.0.tgz",
      "integrity": "sha1-XwMQ4YuL6JjMBwCSlaMK5B6R5vU=",
      "optional": true,
      "requires": {
        "pify": "^4.0.1",
        "semver": "^5.6.0"
      }
    },
    "mime": {
      "version": "1.6.0",
      "resolved": "https://registry.npmmirror.com/mime/download/mime-1.6.0.tgz",
      "integrity": "sha1-Ms2eXGRVO9WNGaVor0Uqz/BJgbE=",
      "optional": true
    },
    "minimist": {
      "version": "1.2.5",
      "resolved": "https://registry.nlark.com/minimist/download/minimist-1.2.5.tgz",
      "integrity": "sha1-Z9ZgFLZqaoqqDAg8X9WN9OTpdgI="
    },
    "mitt": {
      "version": "2.1.0",
      "resolved": "https://registry.nlark.com/mitt/download/mitt-2.1.0.tgz?cache=0&sync_timestamp=1624481394885&other_urls=https%3A%2F%2Fregistry.nlark.com%2Fmitt%2Fdownload%2Fmitt-2.1.0.tgz",
      "integrity": "sha1-90BXfCMXbGIFsSGylzUU6t4bIjA="
    },
    "ms": {
      "version": "2.1.3",
      "resolved": "https://registry.npmmirror.com/ms/download/ms-2.1.3.tgz",
      "integrity": "sha1-V0yBOM4dK1hh8LRFedut1gxmFbI=",
      "optional": true
    },
    "nanoid": {
      "version": "3.1.30",
      "resolved": "https://registry.npmmirror.com/nanoid/download/nanoid-3.1.30.tgz",
      "integrity": "sha512-zJpuPDwOv8D2zq2WRoMe1HsfZthVewpel9CAvTfc/2mBD1uUT/agc5f7GHGWXlYkFvi1mVxe4IjvP2HNrop7nQ=="
    },
    "needle": {
      "version": "2.9.1",
      "resolved": "https://registry.nlark.com/needle/download/needle-2.9.1.tgz?cache=0&sync_timestamp=1630674795023&other_urls=https%3A%2F%2Fregistry.nlark.com%2Fneedle%2Fdownload%2Fneedle-2.9.1.tgz",
      "integrity": "sha1-ItHf++NJDCuD4wH3cJtnNs2PJoQ=",
      "optional": true,
      "requires": {
        "debug": "^3.2.6",
        "iconv-lite": "^0.4.4",
        "sax": "^1.2.4"
      }
    },
    "normalize-wheel": {
      "version": "1.0.1",
      "resolved": "https://registry.nlark.com/normalize-wheel/download/normalize-wheel-1.0.1.tgz",
      "integrity": "sha1-rsiGr/2wRQcNhWRH32Ls+GFG7EU="
    },
    "parse-node-version": {
      "version": "1.0.1",
      "resolved": "https://registry.npmmirror.com/parse-node-version/download/parse-node-version-1.0.1.tgz",
      "integrity": "sha1-4rXb7eAOf6m8NjYH9TMn6LBzGJs="
    },
    "path-parse": {
      "version": "1.0.7",
      "resolved": "https://registry.nlark.com/path-parse/download/path-parse-1.0.7.tgz",
      "integrity": "sha1-+8EUtgykKzDZ2vWFjkvWi77bZzU=",
      "dev": true
    },
    "picocolors": {
      "version": "1.0.0",
      "resolved": "https://registry.npmmirror.com/picocolors/download/picocolors-1.0.0.tgz?cache=0&sync_timestamp=1634093378416&other_urls=https%3A%2F%2Fregistry.npmmirror.com%2Fpicocolors%2Fdownload%2Fpicocolors-1.0.0.tgz",
      "integrity": "sha1-y1vcdP8/UYkiNur3nWi8RFZKuBw="
    },
    "pify": {
      "version": "4.0.1",
      "resolved": "https://registry.npm.taobao.org/pify/download/pify-4.0.1.tgz",
      "integrity": "sha1-SyzSXFDVmHNcUCkiJP2MbfQeMjE="
    },
    "postcss": {
      "version": "8.4.5",
      "resolved": "https://registry.npmmirror.com/postcss/download/postcss-8.4.5.tgz",
      "integrity": "sha512-jBDboWM8qpaqwkMwItqTQTiFikhs/67OYVvblFFTM7MrZjt6yMKd6r2kgXizEbTTljacm4NldIlZnhbjr84QYg==",
      "requires": {
        "nanoid": "^3.1.30",
        "picocolors": "^1.0.0",
        "source-map-js": "^1.0.1"
      }
    },
    "prr": {
      "version": "1.0.1",
      "resolved": "https://registry.nlark.com/prr/download/prr-1.0.1.tgz",
      "integrity": "sha1-0/wRS6BplaRexok/SEzrHXj19HY=",
      "optional": true
    },
    "regenerator-runtime": {
      "version": "0.13.9",
      "resolved": "https://registry.nlark.com/regenerator-runtime/download/regenerator-runtime-0.13.9.tgz?cache=0&other_urls=https%3A%2F%2Fregistry.nlark.com%2Fregenerator-runtime%2Fdownload%2Fregenerator-runtime-0.13.9.tgz",
      "integrity": "sha1-iSV0Kpj/2QgUmI11Zq0wyjsmO1I="
    },
    "resize-observer-polyfill": {
      "version": "1.5.1",
      "resolved": "https://registry.nlark.com/resize-observer-polyfill/download/resize-observer-polyfill-1.5.1.tgz",
      "integrity": "sha1-DpAg3T0hAkRY1OvSfiPkAmmBBGQ="
    },
    "resolve": {
      "version": "1.20.0",
      "resolved": "https://registry.nlark.com/resolve/download/resolve-1.20.0.tgz",
      "integrity": "sha1-YpoBP7P3B1XW8LeTXMHCxTeLGXU=",
      "dev": true,
      "requires": {
        "is-core-module": "^2.2.0",
        "path-parse": "^1.0.6"
      }
    },
    "rollup": {
      "version": "2.62.0",
      "resolved": "https://registry.npmmirror.com/rollup/download/rollup-2.62.0.tgz",
      "integrity": "sha512-cJEQq2gwB0GWMD3rYImefQTSjrPYaC6s4J9pYqnstVLJ1CHa/aZNVkD4Epuvg4iLeMA4KRiq7UM7awKK6j7jcw==",
      "dev": true,
      "requires": {
        "fsevents": "~2.3.2"
      }
    },
    "safer-buffer": {
      "version": "2.1.2",
      "resolved": "https://registry.nlark.com/safer-buffer/download/safer-buffer-2.1.2.tgz",
      "integrity": "sha1-RPoWGwGHuVSd2Eu5GAL5vYOFzWo=",
      "optional": true
    },
    "sax": {
      "version": "1.2.4",
      "resolved": "https://registry.nlark.com/sax/download/sax-1.2.4.tgz",
      "integrity": "sha1-KBYjTiN4vdxOU1T6tcqold9xANk=",
      "optional": true
    },
    "schart.js": {
      "version": "3.0.4",
      "resolved": "https://registry.npmmirror.com/schart.js/download/schart.js-3.0.4.tgz",
      "integrity": "sha512-uylb2u9rrHX1jyAuSAJUQON8XTfyDKI9kWj1J3fUlCQCkLVZ4HG4+IiV8qm//Z71dqvLI78QZ/fCBw0reB22Zw=="
    },
    "semver": {
      "version": "5.7.1",
      "resolved": "https://registry.nlark.com/semver/download/semver-5.7.1.tgz?cache=0&sync_timestamp=1624607961409&other_urls=https%3A%2F%2Fregistry.nlark.com%2Fsemver%2Fdownload%2Fsemver-5.7.1.tgz",
      "integrity": "sha1-qVT5Ma66UI0we78Gnv8MAclhFvc=",
      "optional": true
    },
    "source-map": {
      "version": "0.6.1",
      "resolved": "https://registry.nlark.com/source-map/download/source-map-0.6.1.tgz?cache=0&sync_timestamp=1624608014898&other_urls=https%3A%2F%2Fregistry.nlark.com%2Fsource-map%2Fdownload%2Fsource-map-0.6.1.tgz",
      "integrity": "sha1-dHIq8y6WFOnCh6jQu95IteLxomM="
    },
    "source-map-js": {
      "version": "1.0.1",
      "resolved": "https://registry.npmmirror.com/source-map-js/download/source-map-js-1.0.1.tgz?cache=0&sync_timestamp=1636400772640&other_urls=https%3A%2F%2Fregistry.npmmirror.com%2Fsource-map-js%2Fdownload%2Fsource-map-js-1.0.1.tgz",
      "integrity": "sha512-4+TN2b3tqOCd/kaGRJ/sTYA0tR0mdXx26ipdolxcwtJVqEnqNYvlCAt1q3ypy4QMlYus+Zh34RNtYLoq2oQ4IA=="
    },
    "sourcemap-codec": {
      "version": "1.4.8",
      "resolved": "https://registry.npmmirror.com/sourcemap-codec/download/sourcemap-codec-1.4.8.tgz",
      "integrity": "sha1-6oBL2UhXQC5pktBaOO8a41qatMQ="
    },
    "tslib": {
      "version": "2.3.1",
      "resolved": "https://registry.nlark.com/tslib/download/tslib-2.3.1.tgz",
      "integrity": "sha1-6KM1rdXOrlGqJh0ypJAVjvBC7wE="
    },
    "vite": {
      "version": "2.3.7",
      "resolved": "https://registry.npmmirror.com/vite/download/vite-2.3.7.tgz",
      "integrity": "sha512-Y0xRz11MPYu/EAvzN94+FsOZHbSvO6FUvHv127CyG7mV6oDoay2bw+g5y9wW3Blf8OY3chaz3nc/DcRe1IQ3Nw==",
      "dev": true,
      "requires": {
        "esbuild": "^0.12.5",
        "fsevents": "~2.3.1",
        "postcss": "^8.3.0",
        "resolve": "^1.19.0",
        "rollup": "^2.38.5"
      }
    },
    "vue": {
      "version": "3.2.26",
      "resolved": "https://registry.npmmirror.com/vue/download/vue-3.2.26.tgz",
      "integrity": "sha512-KD4lULmskL5cCsEkfhERVRIOEDrfEL9CwAsLYpzptOGjaGFNWo3BQ9g8MAb7RaIO71rmVOziZ/uEN/rHwcUIhg==",
      "requires": {
        "@vue/compiler-dom": "3.2.26",
        "@vue/compiler-sfc": "3.2.26",
        "@vue/runtime-dom": "3.2.26",
        "@vue/server-renderer": "3.2.26",
        "@vue/shared": "3.2.26"
      }
    },
    "vue-cropperjs": {
      "version": "5.0.0",
      "resolved": "https://registry.npm.taobao.org/vue-cropperjs/download/vue-cropperjs-5.0.0.tgz",
      "integrity": "sha1-f4y8Rgc3rzgxtN7WNMlZBRmOMp4=",
      "requires": {
        "cropperjs": "^1.5.6"
      }
    },
    "vue-i18n": {
      "version": "9.1.9",
      "resolved": "https://registry.npmmirror.com/vue-i18n/download/vue-i18n-9.1.9.tgz",
      "integrity": "sha512-JeRdNVxS2OGp1E+pye5XB6+M6BBkHwAv9C80Q7+kzoMdUDGRna06tjC0vCB/jDX9aWrl5swxOMFcyAr7or8XTA==",
      "requires": {
        "@intlify/core-base": "9.1.9",
        "@intlify/shared": "9.1.9",
        "@intlify/vue-devtools": "9.1.9",
        "@vue/devtools-api": "^6.0.0-beta.7"
      }
    },
    "vue-router": {
      "version": "4.0.12",
      "resolved": "https://registry.npmmirror.com/vue-router/download/vue-router-4.0.12.tgz",
      "integrity": "sha512-CPXvfqe+mZLB1kBWssssTiWg4EQERyqJZes7USiqfW9B5N2x+nHlnsM1D3b5CaJ6qgCvMmYJnz+G0iWjNCvXrg==",
      "requires": {
        "@vue/devtools-api": "^6.0.0-beta.18"
      }
    },
    "vue-schart": {
      "version": "2.0.0",
      "resolved": "https://registry.npm.taobao.org/vue-schart/download/vue-schart-2.0.0.tgz",
      "integrity": "sha1-dE8mu788ELxaWEkx4AIzWXCBCQE=",
      "requires": {
        "schart.js": "^3.0.0"
      }
    },
    "vuex": {
      "version": "4.0.2",
      "resolved": "https://registry.npmmirror.com/vuex/download/vuex-4.0.2.tgz",
      "integrity": "sha512-M6r8uxELjZIK8kTKDGgZTYX/ahzblnzC4isU1tpmEuOIIKmV+TRdc+H4s8ds2NuZ7wpUTdGRzJRtoj+lI+pc0Q==",
      "requires": {
        "@vue/devtools-api": "^6.0.0-beta.11"
      }
    },
    "wangeditor": {
      "version": "4.7.11",
      "resolved": "https://registry.npmmirror.com/wangeditor/download/wangeditor-4.7.11.tgz",
      "integrity": "sha512-z6xEHTSj4YgqvQkHWh9/V/Md7hjEKchXquwvtxvWhwlMS/wBFprCg7qgE4omzuSBeivkZZGTJP08pmdHzOwCUQ==",
      "requires": {
        "@babel/runtime": "^7.11.2",
        "@babel/runtime-corejs3": "^7.11.2",
        "tslib": "^2.1.0"
      }
    }
  }
}
